
Microsoft Visual Studio Solution File, Format Version 12.00
# Visual Studio Version 16
VisualStudioVersion = 16.0.31829.152
MinimumVisualStudioVersion = 10.0.40219.1
Project("{FAE04EC0-301F-11D3-BF4B-00C04F79EFBC}") = "MHRSLiteUI", "MHRSLiteUI\MHRSLiteUI.csproj", "{185C4CB0-C9D9-44B0-BD65-74B61488812F}"
EndProject
Project("{FAE04EC0-301F-11D3-BF4B-00C04F79EFBC}") = "MHRSLiteEntityLayer", "MHRSLiteEntityLayer\MHRSLiteEntityLayer.csproj", "{AA4B8D5E-E4F9-49F9-AFAC-C5FC32855067}"
EndProject
Project("{FAE04EC0-301F-11D3-BF4B-00C04F79EFBC}") = "MHRSLiteBusinessLayer", "MHRSLiteBusinessLayer\MHRSLiteBusinessLayer.csproj", "{278F9025-3EA6-41F0-A938-AB691EDBF830}"
EndProject
Project("{FAE04EC0-301F-11D3-BF4B-00C04F79EFBC}") = "MHRSLiteDataAccessLayer", "MHRSLiteDataAccessLayer\MHRSLiteDataAccessLayer.csproj", "{2739B4DC-3A1E-4F52-8FF1-820837F4379D}"
EndProject
Global
	GlobalSection(SolutionConfigurationPlatforms) = preSolution
		Debug|Any CPU = Debug|Any CPU
		Release|Any CPU = Release|Any CPU
	EndGlobalSection
	GlobalSection(ProjectConfigurationPlatforms) = postSolution
		{185C4CB0-C9D9-44B0-BD65-74B61488812F}.Debug|Any CPU.ActiveCfg = Debug|Any CPU
		{185C4CB0-C9D9-44B0-BD65-74B61488812F}.Debug|Any CPU.Build.0 = Debug|Any CPU
		{185C4CB0-C9D9-44B0-BD65-74B61488812F}.Release|Any CPU.ActiveCfg = Release|Any CPU
		{185C4CB0-C9D9-44B0-BD65-74B61488812F}.Release|Any CPU.Build.0 = Release|Any CPU
		{AA4B8D5E-E4F9-49F9-AFAC-C5FC32855067}.Debug|Any CPU.ActiveCfg = Debug|Any CPU
		{AA4B8D5E-E4F9-49F9-AFAC-C5FC32855067}.Debug|Any CPU.Build.0 = Debug|Any CPU
		{AA4B8D5E-E4F9-49F9-AFAC-C5FC32855067}.Release|Any CPU.ActiveCfg = Release|Any CPU
		{AA4B8D5E-E4F9-49F9-AFAC-C5FC32855067}.Release|Any CPU.Build.0 = Release|Any CPU
		{278F9025-3EA6-41F0-A938-AB691EDBF830}.Debug|Any CPU.ActiveCfg = Debug|Any CPU
		{278F9025-3EA6-41F0-A938-AB691EDBF830}.Debug|Any CPU.Build.0 = Debug|Any CPU
		{278F9025-3EA6-41F0-A938-AB691EDBF830}.Release|Any CPU.ActiveCfg = Release|Any CPU
		{278F9025-3EA6-41F0-A938-AB691EDBF830}.Release|Any CPU.Build.0 = Release|Any CPU
		{2739B4DC-3A1E-4F52-8FF1-820837F4379D}.Debug|Any CPU.ActiveCfg = Debug|Any CPU
		{2739B4DC-3A1E-4F52-8FF1-820837F4379D}.Debug|Any CPU.Build.0 = Debug|Any CPU
		{2739B4DC-3A1E-4F52-8FF1-820837F4379D}.Release|Any CPU.ActiveCfg = Release|Any CPU
		{2739B4DC-3A1E-4F52-8FF1-820837F4379D}.Release|Any CPU.Build.0 = Release|Any CPU
	EndGlobalSection
	GlobalSection(SolutionProperties) = preSolution
		HideSolutionNode = FALSE
	EndGlobalSection
	GlobalSection(ExtensibilityGlobals) = postSolution
		SolutionGuid = {3DA62EE2-5791-49ED-BF8E-BF3B0D9732CA}
	EndGlobalSection
EndGlobal
